
Microsoft Visual Studio Solution File, Format Version 12.00
# Visual Studio Version 16
VisualStudioVersion = 16.0.30011.22
MinimumVisualStudioVersion = 10.0.40219.1
Project("{FAE04EC0-301F-11D3-BF4B-00C04F79EFBC}") = "BuildingBlocks5", "BuildingBlocks5\BuildingBlocks5.csproj", "{1AA1B486-6ADF-4788-A6ED-348169A7EFCF}"
EndProject
Global
	GlobalSection(SolutionConfigurationPlatforms) = preSolution
		Debug|Any CPU = Debug|Any CPU
		Release|Any CPU = Release|Any CPU
	EndGlobalSection
	GlobalSection(ProjectConfigurationPlatforms) = postSolution
		{1AA1B486-6ADF-4788-A6ED-348169A7EFCF}.Debug|Any CPU.ActiveCfg = Debug|Any CPU
		{1AA1B486-6ADF-4788-A6ED-348169A7EFCF}.Debug|Any CPU.Build.0 = Debug|Any CPU
		{1AA1B486-6ADF-4788-A6ED-348169A7EFCF}.Release|Any CPU.ActiveCfg = Release|Any CPU
		{1AA1B486-6ADF-4788-A6ED-348169A7EFCF}.Release|Any CPU.Build.0 = Release|Any CPU
	EndGlobalSection
	GlobalSection(SolutionProperties) = preSolution
		HideSolutionNode = FALSE
	EndGlobalSection
	GlobalSection(ExtensibilityGlobals) = postSolution
		SolutionGuid = {6892AEB7-C6FA-46C8-A198-B918E5FB8149}
	EndGlobalSection
EndGlobal
